
Microsoft Visual Studio Solution File, Format Version 12.00
# Visual Studio Version 17
VisualStudioVersion = 17.9.34607.119
MinimumVisualStudioVersion = 10.0.40219.1
Project("{2150E333-8FDC-42A3-9474-1A3956D46DE8}") = "Services", "Services", "{66A8784E-6759-4B6B-AB4B-E036076ECE59}"
EndProject
Project("{2150E333-8FDC-42A3-9474-1A3956D46DE8}") = "Sport", "Sport", "{699C653A-64E1-4645-B4AC-B40B6FDB858E}"
EndProject
Project("{9A19103F-16F7-4668-BE54-9A1E7A4F7556}") = "Sport.API", "Services\Sport\Sport.API\Sport.API.csproj", "{BAE9EC47-AF6E-4335-8225-39FB9D958400}"
EndProject
Project("{2150E333-8FDC-42A3-9474-1A3956D46DE8}") = "BuildingBlocks", "BuildingBlocks", "{5A284822-E2B9-41AB-BBFA-116CB5895532}"
EndProject
Project("{9A19103F-16F7-4668-BE54-9A1E7A4F7556}") = "BuildingBlocks", "BuildingBlocks\BuildingBlocks\BuildingBlocks.csproj", "{5994FB1D-E2F3-450F-848E-96C4E883217D}"
EndProject
Project("{E53339B2-1760-4266-BCC7-CA923CBCF16C}") = "docker-compose", "docker-compose.dcproj", "{CF6CF26F-122E-4117-8BA0-D087C46F5202}"
EndProject
Project("{2150E333-8FDC-42A3-9474-1A3956D46DE8}") = "ProfileManagement", "ProfileManagement", "{5B6A2814-B073-4027-81A5-2564BB43CCC4}"
EndProject
Project("{2150E333-8FDC-42A3-9474-1A3956D46DE8}") = "src", "src", "{4146F24E-ED03-434A-965C-E7DDD256346A}"
EndProject
Project("{9A19103F-16F7-4668-BE54-9A1E7A4F7556}") = "ProfileManagement.API", "Services\ProfileManagement\src\ProfileManagement.API\ProfileManagement.API.csproj", "{4BA27670-6CDB-4820-BB9D-08871C1913DD}"
EndProject
Project("{2150E333-8FDC-42A3-9474-1A3956D46DE8}") = "Matching", "Matching", "{1BA4397F-560C-418C-BCD0-B3AEBFEE9186}"
EndProject
Project("{2150E333-8FDC-42A3-9474-1A3956D46DE8}") = "src", "src", "{72C65F38-E0F5-4E1A-B34F-5C9CB939AB51}"
EndProject
Project("{9A19103F-16F7-4668-BE54-9A1E7A4F7556}") = "Matching.API", "Services\Matching\src\Matching.API\Matching.API.csproj", "{F425E97F-7F4A-426D-980B-BE504D2ECF85}"
EndProject
Project("{2150E333-8FDC-42A3-9474-1A3956D46DE8}") = "Buddies", "Buddies", "{883FEF9F-4B7B-4AC7-AA23-6522E8146156}"
EndProject
Project("{2150E333-8FDC-42A3-9474-1A3956D46DE8}") = "src", "src", "{E7433CE0-3E02-4141-A5D8-D1705E3D86DA}"
EndProject
Project("{9A19103F-16F7-4668-BE54-9A1E7A4F7556}") = "Buddies.API", "Services\Buddies\src\Buddies.API\Buddies.API.csproj", "{133D7DE7-E06F-484B-A318-BCD1E870A55D}"
EndProject
Project("{2150E333-8FDC-42A3-9474-1A3956D46DE8}") = "ApiGateways", "ApiGateways", "{D2348421-B4C0-4F15-95C8-B6D762719D41}"
EndProject
Project("{9A19103F-16F7-4668-BE54-9A1E7A4F7556}") = "YarpApiGateway", "ApiGateways\YarpApiGateway\YarpApiGateway.csproj", "{BBB7532E-9B5F-4F7B-9854-787BF61FC855}"
EndProject
Project("{2150E333-8FDC-42A3-9474-1A3956D46DE8}") = "Identity", "Identity", "{BA54AA67-D3BC-4205-B32E-FAAD33E8DC7C}"
EndProject
Project("{2150E333-8FDC-42A3-9474-1A3956D46DE8}") = "src", "src", "{4A08E48E-51F7-499C-9F31-578DE75191B2}"
EndProject
Project("{FAE04EC0-301F-11D3-BF4B-00C04F79EFBC}") = "IdentityService", "Services\Identity\src\IdentityService\IdentityService.csproj", "{52871CDB-6A9B-48BB-A55C-41706410A715}"
EndProject
Project("{2150E333-8FDC-42A3-9474-1A3956D46DE8}") = "tests", "tests", "{4CC91A4E-C8F3-4664-A2B1-9AEAFF868A73}"
EndProject
Project("{FAE04EC0-301F-11D3-BF4B-00C04F79EFBC}") = "ProfileManagement.UnitTests", "Services\ProfileManagement\tests\ProfileManagement.UnitTests\ProfileManagement.UnitTests.csproj", "{9821AF09-ECDD-4817-826F-8683CD716E75}"
EndProject
Project("{FAE04EC0-301F-11D3-BF4B-00C04F79EFBC}") = "ProfileManagement.IntegrationTests", "Services\ProfileManagement\tests\ProfileManagement.IntegrationTests\ProfileManagement.IntegrationTests.csproj", "{86AA628C-3778-43EC-9E45-6DEA1A4A6821}"
EndProject
Project("{FAE04EC0-301F-11D3-BF4B-00C04F79EFBC}") = "ProfileManagement.TestShared", "Services\ProfileManagement\tests\ProfileManagement.TestShared\ProfileManagement.TestShared.csproj", "{576364E3-96EE-493A-84C0-2FFB9C952AF6}"
EndProject
Project("{2150E333-8FDC-42A3-9474-1A3956D46DE8}") = "tests", "tests", "{606CAD36-D914-4585-BEF4-966C05DABB15}"
EndProject
Project("{FAE04EC0-301F-11D3-BF4B-00C04F79EFBC}") = "Matching.UnitTests", "Services\Matching\tests\Matching.UnitTests\Matching.UnitTests.csproj", "{E3159796-9183-4B9C-BAF4-005EE9EB5A0F}"
EndProject
Project("{FAE04EC0-301F-11D3-BF4B-00C04F79EFBC}") = "Matching.TestShared", "Services\Matching\tests\Matching.TestShared\Matching.TestShared.csproj", "{BAD4B0B8-ABF4-48FC-9893-7417F470CCE4}"
EndProject
Project("{FAE04EC0-301F-11D3-BF4B-00C04F79EFBC}") = "ProfileManagement.ArchitectureTests", "Services\ProfileManagement\tests\ProfileManagement.ArchitectureTests\ProfileManagement.ArchitectureTests.csproj", "{9805CC3A-F124-4643-B713-1EF482935726}"
EndProject
Project("{2150E333-8FDC-42A3-9474-1A3956D46DE8}") = "Chat", "Chat", "{ACBB6662-E6B2-407B-91BF-2AFA8C810153}"
EndProject
Project("{2150E333-8FDC-42A3-9474-1A3956D46DE8}") = "src", "src", "{AEDDD3C7-52D2-4580-97B1-386F1C964D03}"
EndProject
Project("{FAE04EC0-301F-11D3-BF4B-00C04F79EFBC}") = "Chat.API", "Services\Chat\src\Chat.API\Chat.API.csproj", "{36D1FD86-E5C3-4018-A314-EFFC18BEBC18}"
EndProject
Global
	GlobalSection(SolutionConfigurationPlatforms) = preSolution
		Debug|Any CPU = Debug|Any CPU
		Release|Any CPU = Release|Any CPU
	EndGlobalSection
	GlobalSection(ProjectConfigurationPlatforms) = postSolution
		{BAE9EC47-AF6E-4335-8225-39FB9D958400}.Debug|Any CPU.ActiveCfg = Debug|Any CPU
		{BAE9EC47-AF6E-4335-8225-39FB9D958400}.Debug|Any CPU.Build.0 = Debug|Any CPU
		{BAE9EC47-AF6E-4335-8225-39FB9D958400}.Release|Any CPU.ActiveCfg = Release|Any CPU
		{BAE9EC47-AF6E-4335-8225-39FB9D958400}.Release|Any CPU.Build.0 = Release|Any CPU
		{5994FB1D-E2F3-450F-848E-96C4E883217D}.Debug|Any CPU.ActiveCfg = Debug|Any CPU
		{5994FB1D-E2F3-450F-848E-96C4E883217D}.Debug|Any CPU.Build.0 = Debug|Any CPU
		{5994FB1D-E2F3-450F-848E-96C4E883217D}.Release|Any CPU.ActiveCfg = Release|Any CPU
		{5994FB1D-E2F3-450F-848E-96C4E883217D}.Release|Any CPU.Build.0 = Release|Any CPU
		{CF6CF26F-122E-4117-8BA0-D087C46F5202}.Debug|Any CPU.ActiveCfg = Debug|Any CPU
		{CF6CF26F-122E-4117-8BA0-D087C46F5202}.Debug|Any CPU.Build.0 = Debug|Any CPU
		{CF6CF26F-122E-4117-8BA0-D087C46F5202}.Release|Any CPU.ActiveCfg = Release|Any CPU
		{CF6CF26F-122E-4117-8BA0-D087C46F5202}.Release|Any CPU.Build.0 = Release|Any CPU
		{4BA27670-6CDB-4820-BB9D-08871C1913DD}.Debug|Any CPU.ActiveCfg = Debug|Any CPU
		{4BA27670-6CDB-4820-BB9D-08871C1913DD}.Debug|Any CPU.Build.0 = Debug|Any CPU
		{4BA27670-6CDB-4820-BB9D-08871C1913DD}.Release|Any CPU.ActiveCfg = Release|Any CPU
		{4BA27670-6CDB-4820-BB9D-08871C1913DD}.Release|Any CPU.Build.0 = Release|Any CPU
		{F425E97F-7F4A-426D-980B-BE504D2ECF85}.Debug|Any CPU.ActiveCfg = Debug|Any CPU
		{F425E97F-7F4A-426D-980B-BE504D2ECF85}.Debug|Any CPU.Build.0 = Debug|Any CPU
		{F425E97F-7F4A-426D-980B-BE504D2ECF85}.Release|Any CPU.ActiveCfg = Release|Any CPU
		{F425E97F-7F4A-426D-980B-BE504D2ECF85}.Release|Any CPU.Build.0 = Release|Any CPU
		{133D7DE7-E06F-484B-A318-BCD1E870A55D}.Debug|Any CPU.ActiveCfg = Debug|Any CPU
		{133D7DE7-E06F-484B-A318-BCD1E870A55D}.Debug|Any CPU.Build.0 = Debug|Any CPU
		{133D7DE7-E06F-484B-A318-BCD1E870A55D}.Release|Any CPU.ActiveCfg = Release|Any CPU
		{133D7DE7-E06F-484B-A318-BCD1E870A55D}.Release|Any CPU.Build.0 = Release|Any CPU
		{BBB7532E-9B5F-4F7B-9854-787BF61FC855}.Debug|Any CPU.ActiveCfg = Debug|Any CPU
		{BBB7532E-9B5F-4F7B-9854-787BF61FC855}.Debug|Any CPU.Build.0 = Debug|Any CPU
		{BBB7532E-9B5F-4F7B-9854-787BF61FC855}.Release|Any CPU.ActiveCfg = Release|Any CPU
		{BBB7532E-9B5F-4F7B-9854-787BF61FC855}.Release|Any CPU.Build.0 = Release|Any CPU
		{52871CDB-6A9B-48BB-A55C-41706410A715}.Debug|Any CPU.ActiveCfg = Debug|Any CPU
		{52871CDB-6A9B-48BB-A55C-41706410A715}.Debug|Any CPU.Build.0 = Debug|Any CPU
		{52871CDB-6A9B-48BB-A55C-41706410A715}.Release|Any CPU.ActiveCfg = Release|Any CPU
		{52871CDB-6A9B-48BB-A55C-41706410A715}.Release|Any CPU.Build.0 = Release|Any CPU
		{9821AF09-ECDD-4817-826F-8683CD716E75}.Debug|Any CPU.ActiveCfg = Debug|Any CPU
		{9821AF09-ECDD-4817-826F-8683CD716E75}.Debug|Any CPU.Build.0 = Debug|Any CPU
		{9821AF09-ECDD-4817-826F-8683CD716E75}.Release|Any CPU.ActiveCfg = Release|Any CPU
		{9821AF09-ECDD-4817-826F-8683CD716E75}.Release|Any CPU.Build.0 = Release|Any CPU
		{86AA628C-3778-43EC-9E45-6DEA1A4A6821}.Debug|Any CPU.ActiveCfg = Debug|Any CPU
		{86AA628C-3778-43EC-9E45-6DEA1A4A6821}.Debug|Any CPU.Build.0 = Debug|Any CPU
		{86AA628C-3778-43EC-9E45-6DEA1A4A6821}.Release|Any CPU.ActiveCfg = Release|Any CPU
		{86AA628C-3778-43EC-9E45-6DEA1A4A6821}.Release|Any CPU.Build.0 = Release|Any CPU
		{576364E3-96EE-493A-84C0-2FFB9C952AF6}.Debug|Any CPU.ActiveCfg = Debug|Any CPU
		{576364E3-96EE-493A-84C0-2FFB9C952AF6}.Debug|Any CPU.Build.0 = Debug|Any CPU
		{576364E3-96EE-493A-84C0-2FFB9C952AF6}.Release|Any CPU.ActiveCfg = Release|Any CPU
		{576364E3-96EE-493A-84C0-2FFB9C952AF6}.Release|Any CPU.Build.0 = Release|Any CPU
		{E3159796-9183-4B9C-BAF4-005EE9EB5A0F}.Debug|Any CPU.ActiveCfg = Debug|Any CPU
		{E3159796-9183-4B9C-BAF4-005EE9EB5A0F}.Debug|Any CPU.Build.0 = Debug|Any CPU
		{E3159796-9183-4B9C-BAF4-005EE9EB5A0F}.Release|Any CPU.ActiveCfg = Release|Any CPU
		{E3159796-9183-4B9C-BAF4-005EE9EB5A0F}.Release|Any CPU.Build.0 = Release|Any CPU
		{BAD4B0B8-ABF4-48FC-9893-7417F470CCE4}.Debug|Any CPU.ActiveCfg = Debug|Any CPU
		{BAD4B0B8-ABF4-48FC-9893-7417F470CCE4}.Debug|Any CPU.Build.0 = Debug|Any CPU
		{BAD4B0B8-ABF4-48FC-9893-7417F470CCE4}.Release|Any CPU.ActiveCfg = Release|Any CPU
		{BAD4B0B8-ABF4-48FC-9893-7417F470CCE4}.Release|Any CPU.Build.0 = Release|Any CPU
		{9805CC3A-F124-4643-B713-1EF482935726}.Debug|Any CPU.ActiveCfg = Debug|Any CPU
		{9805CC3A-F124-4643-B713-1EF482935726}.Debug|Any CPU.Build.0 = Debug|Any CPU
		{9805CC3A-F124-4643-B713-1EF482935726}.Release|Any CPU.ActiveCfg = Release|Any CPU
		{9805CC3A-F124-4643-B713-1EF482935726}.Release|Any CPU.Build.0 = Release|Any CPU
		{36D1FD86-E5C3-4018-A314-EFFC18BEBC18}.Debug|Any CPU.ActiveCfg = Debug|Any CPU
		{36D1FD86-E5C3-4018-A314-EFFC18BEBC18}.Debug|Any CPU.Build.0 = Debug|Any CPU
		{36D1FD86-E5C3-4018-A314-EFFC18BEBC18}.Release|Any CPU.ActiveCfg = Release|Any CPU
		{36D1FD86-E5C3-4018-A314-EFFC18BEBC18}.Release|Any CPU.Build.0 = Release|Any CPU
	EndGlobalSection
	GlobalSection(SolutionProperties) = preSolution
		HideSolutionNode = FALSE
	EndGlobalSection
	GlobalSection(NestedProjects) = preSolution
		{699C653A-64E1-4645-B4AC-B40B6FDB858E} = {66A8784E-6759-4B6B-AB4B-E036076ECE59}
		{BAE9EC47-AF6E-4335-8225-39FB9D958400} = {699C653A-64E1-4645-B4AC-B40B6FDB858E}
		{5994FB1D-E2F3-450F-848E-96C4E883217D} = {5A284822-E2B9-41AB-BBFA-116CB5895532}
		{5B6A2814-B073-4027-81A5-2564BB43CCC4} = {66A8784E-6759-4B6B-AB4B-E036076ECE59}
		{4146F24E-ED03-434A-965C-E7DDD256346A} = {5B6A2814-B073-4027-81A5-2564BB43CCC4}
		{4BA27670-6CDB-4820-BB9D-08871C1913DD} = {4146F24E-ED03-434A-965C-E7DDD256346A}
		{1BA4397F-560C-418C-BCD0-B3AEBFEE9186} = {66A8784E-6759-4B6B-AB4B-E036076ECE59}
		{72C65F38-E0F5-4E1A-B34F-5C9CB939AB51} = {1BA4397F-560C-418C-BCD0-B3AEBFEE9186}
		{F425E97F-7F4A-426D-980B-BE504D2ECF85} = {72C65F38-E0F5-4E1A-B34F-5C9CB939AB51}
		{883FEF9F-4B7B-4AC7-AA23-6522E8146156} = {66A8784E-6759-4B6B-AB4B-E036076ECE59}
		{E7433CE0-3E02-4141-A5D8-D1705E3D86DA} = {883FEF9F-4B7B-4AC7-AA23-6522E8146156}
		{133D7DE7-E06F-484B-A318-BCD1E870A55D} = {E7433CE0-3E02-4141-A5D8-D1705E3D86DA}
		{BBB7532E-9B5F-4F7B-9854-787BF61FC855} = {D2348421-B4C0-4F15-95C8-B6D762719D41}
		{BA54AA67-D3BC-4205-B32E-FAAD33E8DC7C} = {66A8784E-6759-4B6B-AB4B-E036076ECE59}
		{4A08E48E-51F7-499C-9F31-578DE75191B2} = {BA54AA67-D3BC-4205-B32E-FAAD33E8DC7C}
		{52871CDB-6A9B-48BB-A55C-41706410A715} = {4A08E48E-51F7-499C-9F31-578DE75191B2}
		{4CC91A4E-C8F3-4664-A2B1-9AEAFF868A73} = {5B6A2814-B073-4027-81A5-2564BB43CCC4}
		{9821AF09-ECDD-4817-826F-8683CD716E75} = {4CC91A4E-C8F3-4664-A2B1-9AEAFF868A73}
		{86AA628C-3778-43EC-9E45-6DEA1A4A6821} = {4CC91A4E-C8F3-4664-A2B1-9AEAFF868A73}
		{576364E3-96EE-493A-84C0-2FFB9C952AF6} = {4CC91A4E-C8F3-4664-A2B1-9AEAFF868A73}
		{606CAD36-D914-4585-BEF4-966C05DABB15} = {1BA4397F-560C-418C-BCD0-B3AEBFEE9186}
		{E3159796-9183-4B9C-BAF4-005EE9EB5A0F} = {606CAD36-D914-4585-BEF4-966C05DABB15}
		{BAD4B0B8-ABF4-48FC-9893-7417F470CCE4} = {606CAD36-D914-4585-BEF4-966C05DABB15}
		{9805CC3A-F124-4643-B713-1EF482935726} = {4CC91A4E-C8F3-4664-A2B1-9AEAFF868A73}
		{ACBB6662-E6B2-407B-91BF-2AFA8C810153} = {66A8784E-6759-4B6B-AB4B-E036076ECE59}
		{AEDDD3C7-52D2-4580-97B1-386F1C964D03} = {ACBB6662-E6B2-407B-91BF-2AFA8C810153}
		{36D1FD86-E5C3-4018-A314-EFFC18BEBC18} = {AEDDD3C7-52D2-4580-97B1-386F1C964D03}
	EndGlobalSection
	GlobalSection(ExtensibilityGlobals) = postSolution
		SolutionGuid = {A798736C-AADB-4D36-80B1-B4DBC3B9078B}
	EndGlobalSection
EndGlobal
